{
  "name": "hud-disaster-data",
  "version": "1.1.1",
  "dependencies": {
    "accepts": {
      "version": "1.3.4",
      "from": "accepts@>=1.3.4 <1.4.0",
      "resolved": "https://registry.npmjs.org/accepts/-/accepts-1.3.4.tgz"
    },
    "acorn": {
      "version": "3.3.0",
      "from": "acorn@>=3.1.0 <4.0.0",
      "resolved": "https://registry.npmjs.org/acorn/-/acorn-3.3.0.tgz"
    },
    "acorn-globals": {
      "version": "3.1.0",
      "from": "acorn-globals@>=3.0.0 <4.0.0",
      "resolved": "https://registry.npmjs.org/acorn-globals/-/acorn-globals-3.1.0.tgz",
      "dependencies": {
        "acorn": {
          "version": "4.0.13",
          "from": "acorn@>=4.0.4 <5.0.0",
          "resolved": "https://registry.npmjs.org/acorn/-/acorn-4.0.13.tgz"
        }
      }
    },
    "ajv": {
      "version": "5.2.3",
      "from": "ajv@>=5.1.0 <6.0.0",
      "resolved": "https://registry.npmjs.org/ajv/-/ajv-5.2.3.tgz"
    },
    "align-text": {
      "version": "0.1.4",
      "from": "align-text@>=0.1.3 <0.2.0",
      "resolved": "https://registry.npmjs.org/align-text/-/align-text-0.1.4.tgz"
    },
    "amdefine": {
      "version": "1.0.1",
      "from": "amdefine@>=0.0.4",
      "resolved": "https://registry.npmjs.org/amdefine/-/amdefine-1.0.1.tgz"
    },
    "argparse": {
      "version": "1.0.9",
      "from": "argparse@>=1.0.7 <2.0.0",
      "resolved": "https://registry.npmjs.org/argparse/-/argparse-1.0.9.tgz"
    },
    "array-flatten": {
      "version": "1.1.1",
      "from": "array-flatten@1.1.1",
      "resolved": "https://registry.npmjs.org/array-flatten/-/array-flatten-1.1.1.tgz"
    },
    "asap": {
      "version": "2.0.6",
      "from": "asap@>=2.0.3 <2.1.0",
      "resolved": "https://registry.npmjs.org/asap/-/asap-2.0.6.tgz"
    },
    "asn1": {
      "version": "0.2.3",
      "from": "asn1@>=0.2.3 <0.3.0",
      "resolved": "https://registry.npmjs.org/asn1/-/asn1-0.2.3.tgz"
    },
    "assert-plus": {
      "version": "1.0.0",
      "from": "assert-plus@>=1.0.0 <2.0.0",
      "resolved": "https://registry.npmjs.org/assert-plus/-/assert-plus-1.0.0.tgz"
    },
    "asynckit": {
      "version": "0.4.0",
      "from": "asynckit@>=0.4.0 <0.5.0",
      "resolved": "https://registry.npmjs.org/asynckit/-/asynckit-0.4.0.tgz"
    },
    "aws-sign2": {
      "version": "0.7.0",
      "from": "aws-sign2@>=0.7.0 <0.8.0",
      "resolved": "https://registry.npmjs.org/aws-sign2/-/aws-sign2-0.7.0.tgz"
    },
    "aws4": {
      "version": "1.6.0",
      "from": "aws4@>=1.6.0 <2.0.0",
      "resolved": "https://registry.npmjs.org/aws4/-/aws4-1.6.0.tgz"
    },
    "axios": {
      "version": "0.16.2",
      "from": "axios@>=0.16.1 <0.17.0",
      "resolved": "https://registry.npmjs.org/axios/-/axios-0.16.2.tgz"
    },
    "balanced-match": {
      "version": "1.0.0",
      "from": "balanced-match@>=1.0.0 <2.0.0",
      "resolved": "https://registry.npmjs.org/balanced-match/-/balanced-match-1.0.0.tgz"
    },
    "basic-auth": {
      "version": "2.0.0",
      "from": "basic-auth@>=2.0.0 <2.1.0",
      "resolved": "https://registry.npmjs.org/basic-auth/-/basic-auth-2.0.0.tgz"
    },
    "bcrypt-pbkdf": {
      "version": "1.0.1",
      "from": "bcrypt-pbkdf@>=1.0.0 <2.0.0",
      "resolved": "https://registry.npmjs.org/bcrypt-pbkdf/-/bcrypt-pbkdf-1.0.1.tgz",
      "optional": true
    },
    "bluebird": {
      "version": "3.5.1",
      "from": "bluebird@>=3.5.0 <4.0.0",
      "resolved": "https://registry.npmjs.org/bluebird/-/bluebird-3.5.1.tgz"
    },
    "body-parser": {
      "version": "1.18.2",
      "from": "body-parser@>=1.17.1 <2.0.0",
      "resolved": "https://registry.npmjs.org/body-parser/-/body-parser-1.18.2.tgz"
    },
    "boom": {
      "version": "4.3.1",
      "from": "boom@>=4.0.0 <5.0.0",
      "resolved": "https://registry.npmjs.org/boom/-/boom-4.3.1.tgz"
    },
    "bowser": {
      "version": "1.8.0",
      "from": "bowser@>=1.7.0 <2.0.0",
      "resolved": "https://registry.npmjs.org/bowser/-/bowser-1.8.0.tgz"
    },
    "brace-expansion": {
      "version": "1.1.8",
      "from": "brace-expansion@>=1.1.7 <2.0.0",
      "resolved": "https://registry.npmjs.org/brace-expansion/-/brace-expansion-1.1.8.tgz"
    },
    "bytes": {
      "version": "3.0.0",
      "from": "bytes@3.0.0",
      "resolved": "https://registry.npmjs.org/bytes/-/bytes-3.0.0.tgz"
    },
    "camelcase": {
      "version": "1.2.1",
      "from": "camelcase@>=1.0.2 <2.0.0",
      "resolved": "https://registry.npmjs.org/camelcase/-/camelcase-1.2.1.tgz"
    },
    "caseless": {
      "version": "0.12.0",
      "from": "caseless@>=0.12.0 <0.13.0",
      "resolved": "https://registry.npmjs.org/caseless/-/caseless-0.12.0.tgz"
    },
    "center-align": {
      "version": "0.1.3",
      "from": "center-align@>=0.1.1 <0.2.0",
      "resolved": "https://registry.npmjs.org/center-align/-/center-align-0.1.3.tgz"
    },
    "character-parser": {
      "version": "2.2.0",
      "from": "character-parser@>=2.1.1 <3.0.0",
      "resolved": "https://registry.npmjs.org/character-parser/-/character-parser-2.2.0.tgz"
    },
    "clean-css": {
      "version": "3.4.28",
      "from": "clean-css@>=3.3.0 <4.0.0",
      "resolved": "https://registry.npmjs.org/clean-css/-/clean-css-3.4.28.tgz"
    },
    "cliui": {
      "version": "2.1.0",
      "from": "cliui@>=2.1.0 <3.0.0",
      "resolved": "https://registry.npmjs.org/cliui/-/cliui-2.1.0.tgz"
    },
    "co": {
      "version": "4.6.0",
      "from": "co@>=4.6.0 <5.0.0",
      "resolved": "https://registry.npmjs.org/co/-/co-4.6.0.tgz"
    },
    "combined-stream": {
      "version": "1.0.5",
      "from": "combined-stream@>=1.0.5 <1.1.0",
      "resolved": "https://registry.npmjs.org/combined-stream/-/combined-stream-1.0.5.tgz"
    },
    "commander": {
      "version": "2.8.1",
      "from": "commander@>=2.8.0 <2.9.0",
      "resolved": "https://registry.npmjs.org/commander/-/commander-2.8.1.tgz"
    },
    "concat-map": {
      "version": "0.0.1",
      "from": "concat-map@0.0.1",
      "resolved": "https://registry.npmjs.org/concat-map/-/concat-map-0.0.1.tgz"
    },
    "connect-flash": {
      "version": "0.1.1",
      "from": "connect-flash@>=0.1.0 <0.2.0",
      "resolved": "https://registry.npmjs.org/connect-flash/-/connect-flash-0.1.1.tgz"
    },
    "connect-history-api-fallback": {
      "version": "1.4.0",
      "from": "connect-history-api-fallback@>=1.3.0 <2.0.0",
      "resolved": "https://registry.npmjs.org/connect-history-api-fallback/-/connect-history-api-fallback-1.4.0.tgz"
    },
    "constantinople": {
      "version": "3.1.0",
      "from": "constantinople@>=3.0.1 <4.0.0",
      "resolved": "https://registry.npmjs.org/constantinople/-/constantinople-3.1.0.tgz"
    },
    "content-disposition": {
      "version": "0.5.2",
      "from": "content-disposition@0.5.2",
      "resolved": "https://registry.npmjs.org/content-disposition/-/content-disposition-0.5.2.tgz"
    },
    "content-type": {
      "version": "1.0.4",
      "from": "content-type@>=1.0.4 <1.1.0",
      "resolved": "https://registry.npmjs.org/content-type/-/content-type-1.0.4.tgz"
    },
    "cookie": {
      "version": "0.3.1",
      "from": "cookie@0.3.1",
      "resolved": "https://registry.npmjs.org/cookie/-/cookie-0.3.1.tgz"
    },
    "cookie-session": {
      "version": "1.3.2",
      "from": "cookie-session@>=1.3.1 <2.0.0",
      "resolved": "https://registry.npmjs.org/cookie-session/-/cookie-session-1.3.2.tgz"
    },
    "cookie-signature": {
      "version": "1.0.6",
      "from": "cookie-signature@1.0.6",
      "resolved": "https://registry.npmjs.org/cookie-signature/-/cookie-signature-1.0.6.tgz"
    },
    "cookies": {
      "version": "0.7.1",
      "from": "cookies@0.7.1",
      "resolved": "https://registry.npmjs.org/cookies/-/cookies-0.7.1.tgz"
    },
    "core-util-is": {
      "version": "1.0.2",
      "from": "core-util-is@1.0.2",
      "resolved": "https://registry.npmjs.org/core-util-is/-/core-util-is-1.0.2.tgz"
    },
    "cryptiles": {
      "version": "3.1.2",
      "from": "cryptiles@>=3.0.0 <4.0.0",
      "resolved": "https://registry.npmjs.org/cryptiles/-/cryptiles-3.1.2.tgz",
      "dependencies": {
        "boom": {
          "version": "5.2.0",
          "from": "boom@>=5.0.0 <6.0.0",
          "resolved": "https://registry.npmjs.org/boom/-/boom-5.2.0.tgz"
        }
      }
    },
    "dashdash": {
      "version": "1.14.1",
      "from": "dashdash@>=1.12.0 <2.0.0",
      "resolved": "https://registry.npmjs.org/dashdash/-/dashdash-1.14.1.tgz"
    },
    "debug": {
      "version": "2.6.9",
      "from": "debug@>=2.6.9 <3.0.0",
      "resolved": "https://registry.npmjs.org/debug/-/debug-2.6.9.tgz"
    },
    "decamelize": {
      "version": "1.2.0",
      "from": "decamelize@>=1.0.0 <2.0.0",
      "resolved": "https://registry.npmjs.org/decamelize/-/decamelize-1.2.0.tgz"
    },
    "delayed-stream": {
      "version": "1.0.0",
      "from": "delayed-stream@>=1.0.0 <1.1.0",
      "resolved": "https://registry.npmjs.org/delayed-stream/-/delayed-stream-1.0.0.tgz"
    },
    "depd": {
      "version": "1.1.1",
      "from": "depd@>=1.1.1 <1.2.0",
      "resolved": "https://registry.npmjs.org/depd/-/depd-1.1.1.tgz"
    },
    "destroy": {
      "version": "1.0.4",
      "from": "destroy@>=1.0.4 <1.1.0",
      "resolved": "https://registry.npmjs.org/destroy/-/destroy-1.0.4.tgz"
    },
    "doctypes": {
      "version": "1.1.0",
      "from": "doctypes@>=1.1.0 <2.0.0",
      "resolved": "https://registry.npmjs.org/doctypes/-/doctypes-1.1.0.tgz"
    },
    "ecc-jsbn": {
      "version": "0.1.1",
      "from": "ecc-jsbn@>=0.1.1 <0.2.0",
      "resolved": "https://registry.npmjs.org/ecc-jsbn/-/ecc-jsbn-0.1.1.tgz",
      "optional": true
    },
    "ee-first": {
      "version": "1.1.1",
      "from": "ee-first@1.1.1",
      "resolved": "https://registry.npmjs.org/ee-first/-/ee-first-1.1.1.tgz"
    },
    "encodeurl": {
      "version": "1.0.1",
      "from": "encodeurl@>=1.0.1 <1.1.0",
      "resolved": "https://registry.npmjs.org/encodeurl/-/encodeurl-1.0.1.tgz"
    },
    "escape-html": {
      "version": "1.0.3",
      "from": "escape-html@>=1.0.3 <1.1.0",
      "resolved": "https://registry.npmjs.org/escape-html/-/escape-html-1.0.3.tgz"
    },
    "etag": {
      "version": "1.8.1",
      "from": "etag@>=1.8.1 <1.9.0",
      "resolved": "https://registry.npmjs.org/etag/-/etag-1.8.1.tgz"
    },
    "express": {
      "version": "4.16.2",
      "from": "express@>=4.15.2 <5.0.0",
      "resolved": "https://registry.npmjs.org/express/-/express-4.16.2.tgz",
      "dependencies": {
        "setprototypeof": {
          "version": "1.1.0",
          "from": "setprototypeof@1.1.0",
          "resolved": "https://registry.npmjs.org/setprototypeof/-/setprototypeof-1.1.0.tgz"
        }
      }
    },
    "express-csv": {
      "version": "0.6.0",
      "from": "express-csv@>=0.6.0 <0.7.0",
      "resolved": "https://registry.npmjs.org/express-csv/-/express-csv-0.6.0.tgz"
    },
    "express-flash": {
      "version": "0.0.2",
      "from": "express-flash@0.0.2",
      "resolved": "https://registry.npmjs.org/express-flash/-/express-flash-0.0.2.tgz"
    },
    "extend": {
      "version": "3.0.1",
      "from": "extend@>=3.0.1 <3.1.0",
      "resolved": "https://registry.npmjs.org/extend/-/extend-3.0.1.tgz"
    },
    "extsprintf": {
      "version": "1.3.0",
      "from": "extsprintf@1.3.0",
      "resolved": "https://registry.npmjs.org/extsprintf/-/extsprintf-1.3.0.tgz"
    },
    "fast-deep-equal": {
      "version": "1.0.0",
      "from": "fast-deep-equal@>=1.0.0 <2.0.0",
      "resolved": "https://registry.npmjs.org/fast-deep-equal/-/fast-deep-equal-1.0.0.tgz"
    },
    "finalhandler": {
      "version": "1.1.0",
      "from": "finalhandler@1.1.0",
      "resolved": "https://registry.npmjs.org/finalhandler/-/finalhandler-1.1.0.tgz"
    },
    "follow-redirects": {
      "version": "1.2.5",
      "from": "follow-redirects@>=1.2.3 <2.0.0",
      "resolved": "https://registry.npmjs.org/follow-redirects/-/follow-redirects-1.2.5.tgz"
    },
    "forever-agent": {
      "version": "0.6.1",
      "from": "forever-agent@>=0.6.1 <0.7.0",
      "resolved": "https://registry.npmjs.org/forever-agent/-/forever-agent-0.6.1.tgz"
    },
    "form-data": {
      "version": "2.3.1",
      "from": "form-data@>=2.3.1 <2.4.0",
      "resolved": "https://registry.npmjs.org/form-data/-/form-data-2.3.1.tgz"
    },
    "forwarded": {
      "version": "0.1.2",
      "from": "forwarded@>=0.1.2 <0.2.0",
      "resolved": "https://registry.npmjs.org/forwarded/-/forwarded-0.1.2.tgz"
    },
    "fresh": {
      "version": "0.5.2",
      "from": "fresh@0.5.2",
      "resolved": "https://registry.npmjs.org/fresh/-/fresh-0.5.2.tgz"
    },
    "fs.realpath": {
      "version": "1.0.0",
      "from": "fs.realpath@>=1.0.0 <2.0.0",
      "resolved": "https://registry.npmjs.org/fs.realpath/-/fs.realpath-1.0.0.tgz"
    },
    "function-bind": {
      "version": "1.1.1",
      "from": "function-bind@>=1.0.2 <2.0.0",
      "resolved": "https://registry.npmjs.org/function-bind/-/function-bind-1.1.1.tgz"
    },
    "getpass": {
      "version": "0.1.7",
      "from": "getpass@>=0.1.1 <0.2.0",
      "resolved": "https://registry.npmjs.org/getpass/-/getpass-0.1.7.tgz"
    },
    "glob": {
      "version": "7.1.2",
      "from": "glob@>=7.0.5 <8.0.0",
      "resolved": "https://registry.npmjs.org/glob/-/glob-7.1.2.tgz"
    },
    "graceful-fs": {
      "version": "4.1.11",
      "from": "graceful-fs@>=4.1.3 <5.0.0",
      "resolved": "https://registry.npmjs.org/graceful-fs/-/graceful-fs-4.1.11.tgz"
    },
    "graceful-readlink": {
      "version": "1.0.1",
      "from": "graceful-readlink@>=1.0.0",
      "resolved": "https://registry.npmjs.org/graceful-readlink/-/graceful-readlink-1.0.1.tgz"
    },
    "har-schema": {
      "version": "2.0.0",
      "from": "har-schema@>=2.0.0 <3.0.0",
      "resolved": "https://registry.npmjs.org/har-schema/-/har-schema-2.0.0.tgz"
    },
    "har-validator": {
      "version": "5.0.3",
      "from": "har-validator@>=5.0.3 <5.1.0",
      "resolved": "https://registry.npmjs.org/har-validator/-/har-validator-5.0.3.tgz"
    },
    "has": {
      "version": "1.0.1",
      "from": "has@>=1.0.1 <2.0.0",
      "resolved": "https://registry.npmjs.org/has/-/has-1.0.1.tgz"
    },
    "hawk": {
      "version": "6.0.2",
      "from": "hawk@>=6.0.2 <6.1.0",
      "resolved": "https://registry.npmjs.org/hawk/-/hawk-6.0.2.tgz"
    },
    "hoek": {
      "version": "4.2.0",
      "from": "hoek@>=4.0.0 <5.0.0",
      "resolved": "https://registry.npmjs.org/hoek/-/hoek-4.2.0.tgz"
    },
    "http-errors": {
      "version": "1.6.2",
      "from": "http-errors@>=1.6.2 <1.7.0",
      "resolved": "https://registry.npmjs.org/http-errors/-/http-errors-1.6.2.tgz"
    },
    "http-signature": {
      "version": "1.2.0",
      "from": "http-signature@>=1.2.0 <1.3.0",
      "resolved": "https://registry.npmjs.org/http-signature/-/http-signature-1.2.0.tgz"
    },
    "iconv-lite": {
      "version": "0.4.19",
      "from": "iconv-lite@0.4.19",
      "resolved": "https://registry.npmjs.org/iconv-lite/-/iconv-lite-0.4.19.tgz"
    },
    "inflight": {
      "version": "1.0.6",
      "from": "inflight@>=1.0.4 <2.0.0",
      "resolved": "https://registry.npmjs.org/inflight/-/inflight-1.0.6.tgz"
    },
    "inherits": {
      "version": "2.0.3",
      "from": "inherits@2.0.3",
      "resolved": "https://registry.npmjs.org/inherits/-/inherits-2.0.3.tgz"
    },
    "ipaddr.js": {
      "version": "1.5.2",
      "from": "ipaddr.js@1.5.2",
      "resolved": "https://registry.npmjs.org/ipaddr.js/-/ipaddr.js-1.5.2.tgz"
    },
    "is-buffer": {
      "version": "1.1.5",
      "from": "is-buffer@>=1.1.5 <2.0.0",
      "resolved": "https://registry.npmjs.org/is-buffer/-/is-buffer-1.1.5.tgz"
    },
    "is-expression": {
      "version": "2.1.0",
      "from": "is-expression@>=2.0.1 <3.0.0",
      "resolved": "https://registry.npmjs.org/is-expression/-/is-expression-2.1.0.tgz"
    },
    "is-promise": {
      "version": "2.1.0",
      "from": "is-promise@>=2.1.0 <3.0.0",
      "resolved": "https://registry.npmjs.org/is-promise/-/is-promise-2.1.0.tgz"
    },
    "is-regex": {
      "version": "1.0.4",
      "from": "is-regex@>=1.0.3 <2.0.0",
      "resolved": "https://registry.npmjs.org/is-regex/-/is-regex-1.0.4.tgz"
    },
    "is-typedarray": {
      "version": "1.0.0",
      "from": "is-typedarray@>=1.0.0 <1.1.0",
      "resolved": "https://registry.npmjs.org/is-typedarray/-/is-typedarray-1.0.0.tgz"
    },
    "isstream": {
      "version": "0.1.2",
      "from": "isstream@>=0.1.2 <0.2.0",
      "resolved": "https://registry.npmjs.org/isstream/-/isstream-0.1.2.tgz"
    },
    "js-stringify": {
      "version": "1.0.2",
      "from": "js-stringify@>=1.0.1 <2.0.0",
      "resolved": "https://registry.npmjs.org/js-stringify/-/js-stringify-1.0.2.tgz"
    },
    "jsbn": {
      "version": "0.1.1",
      "from": "jsbn@>=0.1.0 <0.2.0",
      "resolved": "https://registry.npmjs.org/jsbn/-/jsbn-0.1.1.tgz",
      "optional": true
    },
    "json-schema": {
      "version": "0.2.3",
      "from": "json-schema@0.2.3",
      "resolved": "https://registry.npmjs.org/json-schema/-/json-schema-0.2.3.tgz"
    },
    "json-schema-traverse": {
      "version": "0.3.1",
      "from": "json-schema-traverse@>=0.3.0 <0.4.0",
      "resolved": "https://registry.npmjs.org/json-schema-traverse/-/json-schema-traverse-0.3.1.tgz"
    },
    "json-stable-stringify": {
      "version": "1.0.1",
      "from": "json-stable-stringify@>=1.0.1 <2.0.0",
      "resolved": "https://registry.npmjs.org/json-stable-stringify/-/json-stable-stringify-1.0.1.tgz"
    },
    "json-stringify-safe": {
      "version": "5.0.1",
      "from": "json-stringify-safe@>=5.0.1 <5.1.0",
      "resolved": "https://registry.npmjs.org/json-stringify-safe/-/json-stringify-safe-5.0.1.tgz"
    },
    "jsonify": {
      "version": "0.0.0",
      "from": "jsonify@>=0.0.0 <0.1.0",
      "resolved": "https://registry.npmjs.org/jsonify/-/jsonify-0.0.0.tgz"
    },
    "jsprim": {
      "version": "1.4.1",
      "from": "jsprim@>=1.2.2 <2.0.0",
      "resolved": "https://registry.npmjs.org/jsprim/-/jsprim-1.4.1.tgz"
    },
    "jstransformer": {
      "version": "1.0.0",
      "from": "jstransformer@1.0.0",
      "resolved": "https://registry.npmjs.org/jstransformer/-/jstransformer-1.0.0.tgz"
    },
    "keygrip": {
      "version": "1.0.2",
      "from": "keygrip@>=1.0.2 <1.1.0",
      "resolved": "https://registry.npmjs.org/keygrip/-/keygrip-1.0.2.tgz"
    },
    "kind-of": {
      "version": "3.2.2",
      "from": "kind-of@>=3.0.2 <4.0.0",
      "resolved": "https://registry.npmjs.org/kind-of/-/kind-of-3.2.2.tgz"
    },
    "lazy-cache": {
      "version": "1.0.4",
      "from": "lazy-cache@>=1.0.3 <2.0.0",
      "resolved": "https://registry.npmjs.org/lazy-cache/-/lazy-cache-1.0.4.tgz"
    },
    "lodash": {
      "version": "4.17.4",
      "from": "lodash@>=4.17.4 <5.0.0",
      "resolved": "https://registry.npmjs.org/lodash/-/lodash-4.17.4.tgz"
    },
    "longest": {
      "version": "1.0.1",
      "from": "longest@>=1.0.1 <2.0.0",
      "resolved": "https://registry.npmjs.org/longest/-/longest-1.0.1.tgz"
    },
    "lowdb": {
      "version": "0.16.2",
      "from": "lowdb@>=0.16.2 <0.17.0",
      "resolved": "https://registry.npmjs.org/lowdb/-/lowdb-0.16.2.tgz"
    },
    "lusca": {
      "version": "1.5.2",
      "from": "lusca@>=1.4.1 <2.0.0",
      "resolved": "https://registry.npmjs.org/lusca/-/lusca-1.5.2.tgz"
    },
    "media-typer": {
      "version": "0.3.0",
      "from": "media-typer@0.3.0",
      "resolved": "https://registry.npmjs.org/media-typer/-/media-typer-0.3.0.tgz"
    },
    "merge-descriptors": {
      "version": "1.0.1",
      "from": "merge-descriptors@1.0.1",
      "resolved": "https://registry.npmjs.org/merge-descriptors/-/merge-descriptors-1.0.1.tgz"
    },
    "methods": {
      "version": "1.1.2",
      "from": "methods@>=1.1.2 <1.2.0",
      "resolved": "https://registry.npmjs.org/methods/-/methods-1.1.2.tgz"
    },
    "mime": {
      "version": "1.4.1",
      "from": "mime@1.4.1",
      "resolved": "https://registry.npmjs.org/mime/-/mime-1.4.1.tgz"
    },
    "mime-db": {
      "version": "1.30.0",
      "from": "mime-db@>=1.30.0 <1.31.0",
      "resolved": "https://registry.npmjs.org/mime-db/-/mime-db-1.30.0.tgz"
    },
    "mime-types": {
      "version": "2.1.17",
      "from": "mime-types@>=2.1.15 <2.2.0",
      "resolved": "https://registry.npmjs.org/mime-types/-/mime-types-2.1.17.tgz"
    },
    "minimatch": {
      "version": "3.0.4",
      "from": "minimatch@>=3.0.4 <4.0.0",
      "resolved": "https://registry.npmjs.org/minimatch/-/minimatch-3.0.4.tgz"
    },
    "moment": {
      "version": "2.19.1",
      "from": "moment@>=2.18.1 <3.0.0",
      "resolved": "https://registry.npmjs.org/moment/-/moment-2.19.1.tgz"
    },
    "morgan": {
      "version": "1.9.0",
      "from": "morgan@>=1.8.2 <2.0.0",
      "resolved": "https://registry.npmjs.org/morgan/-/morgan-1.9.0.tgz"
    },
    "ms": {
      "version": "2.0.0",
      "from": "ms@2.0.0",
      "resolved": "https://registry.npmjs.org/ms/-/ms-2.0.0.tgz"
    },
    "negotiator": {
      "version": "0.6.1",
      "from": "negotiator@0.6.1",
      "resolved": "https://registry.npmjs.org/negotiator/-/negotiator-0.6.1.tgz"
    },
    "oauth-sign": {
      "version": "0.8.2",
      "from": "oauth-sign@>=0.8.2 <0.9.0",
      "resolved": "https://registry.npmjs.org/oauth-sign/-/oauth-sign-0.8.2.tgz"
    },
    "object-assign": {
      "version": "4.1.1",
      "from": "object-assign@>=4.0.1 <5.0.0",
      "resolved": "https://registry.npmjs.org/object-assign/-/object-assign-4.1.1.tgz"
    },
    "on-finished": {
      "version": "2.3.0",
      "from": "on-finished@>=2.3.0 <2.4.0",
      "resolved": "https://registry.npmjs.org/on-finished/-/on-finished-2.3.0.tgz"
    },
    "on-headers": {
      "version": "1.0.1",
      "from": "on-headers@>=1.0.1 <1.1.0",
      "resolved": "https://registry.npmjs.org/on-headers/-/on-headers-1.0.1.tgz"
    },
    "once": {
      "version": "1.4.0",
      "from": "once@>=1.3.0 <2.0.0",
      "resolved": "https://registry.npmjs.org/once/-/once-1.4.0.tgz"
    },
    "parseurl": {
      "version": "1.3.2",
      "from": "parseurl@>=1.3.2 <1.4.0",
      "resolved": "https://registry.npmjs.org/parseurl/-/parseurl-1.3.2.tgz"
    },
    "path-is-absolute": {
      "version": "1.0.1",
      "from": "path-is-absolute@>=1.0.0 <2.0.0",
      "resolved": "https://registry.npmjs.org/path-is-absolute/-/path-is-absolute-1.0.1.tgz"
    },
    "path-parse": {
      "version": "1.0.5",
      "from": "path-parse@>=1.0.5 <2.0.0",
      "resolved": "https://registry.npmjs.org/path-parse/-/path-parse-1.0.5.tgz"
    },
    "path-to-regexp": {
      "version": "0.1.7",
      "from": "path-to-regexp@0.1.7",
      "resolved": "https://registry.npmjs.org/path-to-regexp/-/path-to-regexp-0.1.7.tgz"
    },
    "performance-now": {
      "version": "2.1.0",
      "from": "performance-now@>=2.1.0 <3.0.0",
      "resolved": "https://registry.npmjs.org/performance-now/-/performance-now-2.1.0.tgz"
    },
    "promise": {
      "version": "7.3.1",
      "from": "promise@>=7.0.1 <8.0.0",
      "resolved": "https://registry.npmjs.org/promise/-/promise-7.3.1.tgz"
    },
    "proxy-addr": {
      "version": "2.0.2",
      "from": "proxy-addr@>=2.0.2 <2.1.0",
      "resolved": "https://registry.npmjs.org/proxy-addr/-/proxy-addr-2.0.2.tgz"
    },
    "pug": {
      "version": "2.0.0-rc.4",
      "from": "pug@>=2.0.0-rc.1 <3.0.0",
      "resolved": "https://registry.npmjs.org/pug/-/pug-2.0.0-rc.4.tgz"
    },
    "pug-attrs": {
      "version": "2.0.2",
      "from": "pug-attrs@>=2.0.2 <3.0.0",
      "resolved": "https://registry.npmjs.org/pug-attrs/-/pug-attrs-2.0.2.tgz"
    },
    "pug-code-gen": {
      "version": "2.0.0",
      "from": "pug-code-gen@>=2.0.0 <3.0.0",
      "resolved": "https://registry.npmjs.org/pug-code-gen/-/pug-code-gen-2.0.0.tgz"
    },
    "pug-error": {
      "version": "1.3.2",
      "from": "pug-error@>=1.3.2 <2.0.0",
      "resolved": "https://registry.npmjs.org/pug-error/-/pug-error-1.3.2.tgz"
    },
    "pug-filters": {
      "version": "2.1.5",
      "from": "pug-filters@>=2.1.5 <3.0.0",
      "resolved": "https://registry.npmjs.org/pug-filters/-/pug-filters-2.1.5.tgz"
    },
    "pug-lexer": {
      "version": "3.1.0",
      "from": "pug-lexer@>=3.1.0 <4.0.0",
      "resolved": "https://registry.npmjs.org/pug-lexer/-/pug-lexer-3.1.0.tgz",
      "dependencies": {
        "acorn": {
          "version": "4.0.13",
          "from": "acorn@>=4.0.2 <4.1.0",
          "resolved": "https://registry.npmjs.org/acorn/-/acorn-4.0.13.tgz"
        },
        "is-expression": {
          "version": "3.0.0",
          "from": "is-expression@>=3.0.0 <4.0.0",
          "resolved": "https://registry.npmjs.org/is-expression/-/is-expression-3.0.0.tgz"
        }
      }
    },
    "pug-linker": {
      "version": "3.0.3",
      "from": "pug-linker@>=3.0.3 <4.0.0",
      "resolved": "https://registry.npmjs.org/pug-linker/-/pug-linker-3.0.3.tgz"
    },
    "pug-load": {
      "version": "2.0.9",
      "from": "pug-load@>=2.0.9 <3.0.0",
      "resolved": "https://registry.npmjs.org/pug-load/-/pug-load-2.0.9.tgz"
    },
    "pug-parser": {
      "version": "4.0.0",
      "from": "pug-parser@>=4.0.0 <5.0.0",
      "resolved": "https://registry.npmjs.org/pug-parser/-/pug-parser-4.0.0.tgz"
    },
    "pug-runtime": {
      "version": "2.0.3",
      "from": "pug-runtime@>=2.0.3 <3.0.0",
      "resolved": "https://registry.npmjs.org/pug-runtime/-/pug-runtime-2.0.3.tgz"
    },
    "pug-strip-comments": {
      "version": "1.0.2",
      "from": "pug-strip-comments@>=1.0.2 <2.0.0",
      "resolved": "https://registry.npmjs.org/pug-strip-comments/-/pug-strip-comments-1.0.2.tgz"
    },
    "pug-walk": {
      "version": "1.1.5",
      "from": "pug-walk@>=1.1.5 <2.0.0",
      "resolved": "https://registry.npmjs.org/pug-walk/-/pug-walk-1.1.5.tgz"
    },
    "punycode": {
      "version": "1.4.1",
      "from": "punycode@>=1.4.1 <2.0.0",
      "resolved": "https://registry.npmjs.org/punycode/-/punycode-1.4.1.tgz"
    },
    "qs": {
      "version": "6.5.1",
      "from": "qs@6.5.1",
      "resolved": "https://registry.npmjs.org/qs/-/qs-6.5.1.tgz"
    },
    "querystring": {
      "version": "0.2.0",
      "from": "querystring@0.2.0",
      "resolved": "https://registry.npmjs.org/querystring/-/querystring-0.2.0.tgz"
    },
    "range-parser": {
      "version": "1.2.0",
      "from": "range-parser@>=1.2.0 <1.3.0",
      "resolved": "https://registry.npmjs.org/range-parser/-/range-parser-1.2.0.tgz"
    },
    "raw-body": {
      "version": "2.3.2",
      "from": "raw-body@2.3.2",
      "resolved": "https://registry.npmjs.org/raw-body/-/raw-body-2.3.2.tgz"
    },
    "repeat-string": {
      "version": "1.6.1",
      "from": "repeat-string@>=1.5.2 <2.0.0",
      "resolved": "https://registry.npmjs.org/repeat-string/-/repeat-string-1.6.1.tgz"
    },
    "request": {
      "version": "2.83.0",
      "from": "request@>=2.81.0 <3.0.0",
      "resolved": "https://registry.npmjs.org/request/-/request-2.83.0.tgz"
    },
    "request-promise": {
      "version": "4.2.2",
      "from": "request-promise@>=4.2.1 <5.0.0",
      "resolved": "https://registry.npmjs.org/request-promise/-/request-promise-4.2.2.tgz"
    },
    "request-promise-core": {
      "version": "1.1.1",
      "from": "request-promise-core@1.1.1",
      "resolved": "https://registry.npmjs.org/request-promise-core/-/request-promise-core-1.1.1.tgz"
    },
    "resolve": {
      "version": "1.4.0",
      "from": "resolve@>=1.1.6 <2.0.0",
      "resolved": "https://registry.npmjs.org/resolve/-/resolve-1.4.0.tgz"
    },
    "right-align": {
      "version": "0.1.3",
      "from": "right-align@>=0.1.1 <0.2.0",
      "resolved": "https://registry.npmjs.org/right-align/-/right-align-0.1.3.tgz"
    },
    "safe-buffer": {
      "version": "5.1.1",
      "from": "safe-buffer@5.1.1",
      "resolved": "https://registry.npmjs.org/safe-buffer/-/safe-buffer-5.1.1.tgz"
    },
    "send": {
      "version": "0.16.1",
      "from": "send@0.16.1",
      "resolved": "https://registry.npmjs.org/send/-/send-0.16.1.tgz"
    },
    "serve-static": {
      "version": "1.13.1",
      "from": "serve-static@1.13.1",
      "resolved": "https://registry.npmjs.org/serve-static/-/serve-static-1.13.1.tgz"
    },
    "setprototypeof": {
      "version": "1.0.3",
      "from": "setprototypeof@1.0.3",
      "resolved": "https://registry.npmjs.org/setprototypeof/-/setprototypeof-1.0.3.tgz"
    },
    "sntp": {
      "version": "2.0.2",
      "from": "sntp@>=2.0.0 <3.0.0",
      "resolved": "https://registry.npmjs.org/sntp/-/sntp-2.0.2.tgz"
    },
    "source-map": {
      "version": "0.4.4",
      "from": "source-map@>=0.4.0 <0.5.0",
      "resolved": "https://registry.npmjs.org/source-map/-/source-map-0.4.4.tgz"
    },
    "sprintf-js": {
      "version": "1.0.3",
      "from": "sprintf-js@>=1.0.2 <1.1.0",
      "resolved": "https://registry.npmjs.org/sprintf-js/-/sprintf-js-1.0.3.tgz"
    },
    "sshpk": {
      "version": "1.13.1",
      "from": "sshpk@>=1.7.0 <2.0.0",
      "resolved": "https://registry.npmjs.org/sshpk/-/sshpk-1.13.1.tgz"
    },
    "statuses": {
      "version": "1.3.1",
      "from": "statuses@>=1.3.1 <2.0.0",
      "resolved": "https://registry.npmjs.org/statuses/-/statuses-1.3.1.tgz"
    },
    "stealthy-require": {
      "version": "1.1.1",
      "from": "stealthy-require@>=1.1.0 <2.0.0",
      "resolved": "https://registry.npmjs.org/stealthy-require/-/stealthy-require-1.1.1.tgz"
    },
    "steno": {
      "version": "0.4.4",
      "from": "steno@>=0.4.1 <0.5.0",
      "resolved": "https://registry.npmjs.org/steno/-/steno-0.4.4.tgz"
    },
    "stringstream": {
      "version": "0.0.5",
      "from": "stringstream@>=0.0.5 <0.1.0",
      "resolved": "https://registry.npmjs.org/stringstream/-/stringstream-0.0.5.tgz"
    },
    "token-stream": {
      "version": "0.0.1",
      "from": "token-stream@0.0.1",
      "resolved": "https://registry.npmjs.org/token-stream/-/token-stream-0.0.1.tgz"
    },
    "tough-cookie": {
      "version": "2.3.3",
      "from": "tough-cookie@>=2.3.3 <2.4.0",
      "resolved": "https://registry.npmjs.org/tough-cookie/-/tough-cookie-2.3.3.tgz"
    },
    "tsscmp": {
      "version": "1.0.5",
      "from": "tsscmp@>=1.0.5 <2.0.0",
      "resolved": "https://registry.npmjs.org/tsscmp/-/tsscmp-1.0.5.tgz"
    },
    "tunnel-agent": {
      "version": "0.6.0",
      "from": "tunnel-agent@>=0.6.0 <0.7.0",
      "resolved": "https://registry.npmjs.org/tunnel-agent/-/tunnel-agent-0.6.0.tgz"
    },
    "tweetnacl": {
      "version": "0.14.5",
      "from": "tweetnacl@>=0.14.0 <0.15.0",
      "resolved": "https://registry.npmjs.org/tweetnacl/-/tweetnacl-0.14.5.tgz",
      "optional": true
    },
    "type-is": {
      "version": "1.6.15",
      "from": "type-is@>=1.6.15 <1.7.0",
      "resolved": "https://registry.npmjs.org/type-is/-/type-is-1.6.15.tgz"
    },
    "uglify-js": {
      "version": "2.8.29",
      "from": "uglify-js@>=2.6.1 <3.0.0",
      "resolved": "https://registry.npmjs.org/uglify-js/-/uglify-js-2.8.29.tgz",
      "dependencies": {
        "source-map": {
          "version": "0.5.7",
          "from": "source-map@>=0.5.1 <0.6.0",
          "resolved": "https://registry.npmjs.org/source-map/-/source-map-0.5.7.tgz"
        }
      }
    },
    "uglify-to-browserify": {
      "version": "1.0.2",
      "from": "uglify-to-browserify@>=1.0.0 <1.1.0",
      "resolved": "https://registry.npmjs.org/uglify-to-browserify/-/uglify-to-browserify-1.0.2.tgz",
      "optional": true
    },
    "unpipe": {
      "version": "1.0.0",
      "from": "unpipe@1.0.0",
      "resolved": "https://registry.npmjs.org/unpipe/-/unpipe-1.0.0.tgz"
    },
    "url": {
      "version": "0.11.0",
      "from": "url@>=0.11.0 <0.12.0",
      "resolved": "https://registry.npmjs.org/url/-/url-0.11.0.tgz",
      "dependencies": {
        "punycode": {
          "version": "1.3.2",
          "from": "punycode@1.3.2",
          "resolved": "https://registry.npmjs.org/punycode/-/punycode-1.3.2.tgz"
        }
      }
    },
    "utils-merge": {
      "version": "1.0.1",
      "from": "utils-merge@1.0.1",
      "resolved": "https://registry.npmjs.org/utils-merge/-/utils-merge-1.0.1.tgz"
    },
    "uuid": {
      "version": "3.1.0",
      "from": "uuid@>=3.1.0 <4.0.0",
      "resolved": "https://registry.npmjs.org/uuid/-/uuid-3.1.0.tgz"
    },
    "vary": {
      "version": "1.1.2",
      "from": "vary@>=1.1.2 <1.2.0",
      "resolved": "https://registry.npmjs.org/vary/-/vary-1.1.2.tgz"
    },
    "verror": {
      "version": "1.10.0",
      "from": "verror@1.10.0",
      "resolved": "https://registry.npmjs.org/verror/-/verror-1.10.0.tgz"
    },
    "void-elements": {
      "version": "2.0.1",
      "from": "void-elements@>=2.0.1 <3.0.0",
      "resolved": "https://registry.npmjs.org/void-elements/-/void-elements-2.0.1.tgz"
    },
    "webpack-merge": {
      "version": "4.1.0",
      "from": "webpack-merge@>=4.1.0 <5.0.0",
      "resolved": "https://registry.npmjs.org/webpack-merge/-/webpack-merge-4.1.0.tgz"
    },
    "window-size": {
      "version": "0.1.0",
      "from": "window-size@0.1.0",
      "resolved": "https://registry.npmjs.org/window-size/-/window-size-0.1.0.tgz"
    },
    "with": {
      "version": "5.1.1",
      "from": "with@>=5.0.0 <6.0.0",
      "resolved": "https://registry.npmjs.org/with/-/with-5.1.1.tgz"
    },
    "wordwrap": {
      "version": "0.0.2",
      "from": "wordwrap@0.0.2",
      "resolved": "https://registry.npmjs.org/wordwrap/-/wordwrap-0.0.2.tgz"
    },
    "wrappy": {
      "version": "1.0.2",
      "from": "wrappy@>=1.0.0 <2.0.0",
      "resolved": "https://registry.npmjs.org/wrappy/-/wrappy-1.0.2.tgz"
    },
    "yamljs": {
      "version": "0.3.0",
      "from": "yamljs@>=0.3.0 <0.4.0",
      "resolved": "https://registry.npmjs.org/yamljs/-/yamljs-0.3.0.tgz"
    },
    "yargs": {
      "version": "3.10.0",
      "from": "yargs@>=3.10.0 <3.11.0",
      "resolved": "https://registry.npmjs.org/yargs/-/yargs-3.10.0.tgz"
    }
  }
}
